
Microsoft Visual Studio Solution File, Format Version 12.00
# Visual Studio 15
VisualStudioVersion = 15.0.27703.2026
MinimumVisualStudioVersion = 10.0.40219.1
Project("{FAE04EC0-301F-11D3-BF4B-00C04F79EFBC}") = "SeoReporter", "SeoReporter\SeoReporter.csproj", "{1C0EB912-4F0D-409E-81F1-BD5561ED4CF9}"
EndProject
Project("{FAE04EC0-301F-11D3-BF4B-00C04F79EFBC}") = "SeoReporter.Business", "SeoReporter.Business\SeoReporter.Business.csproj", "{9E554BCD-1865-44A1-850A-05653ED0F088}"
EndProject
Project("{FAE04EC0-301F-11D3-BF4B-00C04F79EFBC}") = "SeoReporter.Tests", "SeoReporter.Tests\SeoReporter.Tests.csproj", "{BF453808-CA30-47FC-9D05-653BE2E8C377}"
EndProject
Global
	GlobalSection(SolutionConfigurationPlatforms) = preSolution
		Debug|Any CPU = Debug|Any CPU
		Release|Any CPU = Release|Any CPU
	EndGlobalSection
	GlobalSection(ProjectConfigurationPlatforms) = postSolution
		{1C0EB912-4F0D-409E-81F1-BD5561ED4CF9}.Debug|Any CPU.ActiveCfg = Debug|Any CPU
		{1C0EB912-4F0D-409E-81F1-BD5561ED4CF9}.Debug|Any CPU.Build.0 = Debug|Any CPU
		{1C0EB912-4F0D-409E-81F1-BD5561ED4CF9}.Release|Any CPU.ActiveCfg = Release|Any CPU
		{1C0EB912-4F0D-409E-81F1-BD5561ED4CF9}.Release|Any CPU.Build.0 = Release|Any CPU
		{9E554BCD-1865-44A1-850A-05653ED0F088}.Debug|Any CPU.ActiveCfg = Debug|Any CPU
		{9E554BCD-1865-44A1-850A-05653ED0F088}.Debug|Any CPU.Build.0 = Debug|Any CPU
		{9E554BCD-1865-44A1-850A-05653ED0F088}.Release|Any CPU.ActiveCfg = Release|Any CPU
		{9E554BCD-1865-44A1-850A-05653ED0F088}.Release|Any CPU.Build.0 = Release|Any CPU
		{BF453808-CA30-47FC-9D05-653BE2E8C377}.Debug|Any CPU.ActiveCfg = Debug|Any CPU
		{BF453808-CA30-47FC-9D05-653BE2E8C377}.Debug|Any CPU.Build.0 = Debug|Any CPU
		{BF453808-CA30-47FC-9D05-653BE2E8C377}.Release|Any CPU.ActiveCfg = Release|Any CPU
		{BF453808-CA30-47FC-9D05-653BE2E8C377}.Release|Any CPU.Build.0 = Release|Any CPU
	EndGlobalSection
	GlobalSection(SolutionProperties) = preSolution
		HideSolutionNode = FALSE
	EndGlobalSection
	GlobalSection(ExtensibilityGlobals) = postSolution
		SolutionGuid = {6995F495-3A9B-4680-84C7-8C36A2457D85}
	EndGlobalSection
EndGlobal
